
Microsoft Visual Studio Solution File, Format Version 12.00
# Visual Studio Version 17
VisualStudioVersion = 17.8.34525.116
MinimumVisualStudioVersion = 10.0.40219.1
Project("{FAE04EC0-301F-11D3-BF4B-00C04F79EFBC}") = "OrderProcessing", "OrderProcessing\OrderProcessing.csproj", "{265B836F-7E93-49C9-A534-D58B49E5B660}"
EndProject
Project("{FAE04EC0-301F-11D3-BF4B-00C04F79EFBC}") = "DAL", "DAL\DAL.csproj", "{07A87C26-4588-4155-8662-318416A7FA37}"
EndProject
Project("{FAE04EC0-301F-11D3-BF4B-00C04F79EFBC}") = "BAL", "BAL\BAL.csproj", "{A21EF50A-EB93-470B-B88E-B92F4F265340}"
EndProject
Project("{FAE04EC0-301F-11D3-BF4B-00C04F79EFBC}") = "Models", "Models\Models.csproj", "{07DDE786-84B5-4595-8EAE-638B4A726D99}"
EndProject
Global
	GlobalSection(SolutionConfigurationPlatforms) = preSolution
		Debug|Any CPU = Debug|Any CPU
		Release|Any CPU = Release|Any CPU
	EndGlobalSection
	GlobalSection(ProjectConfigurationPlatforms) = postSolution
		{265B836F-7E93-49C9-A534-D58B49E5B660}.Debug|Any CPU.ActiveCfg = Debug|Any CPU
		{265B836F-7E93-49C9-A534-D58B49E5B660}.Debug|Any CPU.Build.0 = Debug|Any CPU
		{265B836F-7E93-49C9-A534-D58B49E5B660}.Release|Any CPU.ActiveCfg = Release|Any CPU
		{265B836F-7E93-49C9-A534-D58B49E5B660}.Release|Any CPU.Build.0 = Release|Any CPU
		{07A87C26-4588-4155-8662-318416A7FA37}.Debug|Any CPU.ActiveCfg = Debug|Any CPU
		{07A87C26-4588-4155-8662-318416A7FA37}.Debug|Any CPU.Build.0 = Debug|Any CPU
		{07A87C26-4588-4155-8662-318416A7FA37}.Release|Any CPU.ActiveCfg = Release|Any CPU
		{07A87C26-4588-4155-8662-318416A7FA37}.Release|Any CPU.Build.0 = Release|Any CPU
		{A21EF50A-EB93-470B-B88E-B92F4F265340}.Debug|Any CPU.ActiveCfg = Debug|Any CPU
		{A21EF50A-EB93-470B-B88E-B92F4F265340}.Debug|Any CPU.Build.0 = Debug|Any CPU
		{A21EF50A-EB93-470B-B88E-B92F4F265340}.Release|Any CPU.ActiveCfg = Release|Any CPU
		{A21EF50A-EB93-470B-B88E-B92F4F265340}.Release|Any CPU.Build.0 = Release|Any CPU
		{07DDE786-84B5-4595-8EAE-638B4A726D99}.Debug|Any CPU.ActiveCfg = Debug|Any CPU
		{07DDE786-84B5-4595-8EAE-638B4A726D99}.Debug|Any CPU.Build.0 = Debug|Any CPU
		{07DDE786-84B5-4595-8EAE-638B4A726D99}.Release|Any CPU.ActiveCfg = Release|Any CPU
		{07DDE786-84B5-4595-8EAE-638B4A726D99}.Release|Any CPU.Build.0 = Release|Any CPU
	EndGlobalSection
	GlobalSection(SolutionProperties) = preSolution
		HideSolutionNode = FALSE
	EndGlobalSection
	GlobalSection(ExtensibilityGlobals) = postSolution
		SolutionGuid = {5B9277AE-8F9E-4321-BE7F-AC18138CA0C1}
	EndGlobalSection
EndGlobal
